github.com/google/flatbuffers v1.12.0/go.mod h1:1AeVuKshWv4vARoZatz6mlQ0JxURH0Kv5+zNeJKJCa8=
github.com/google/flatbuffers v1.12.1 h1:MVlul7pQNoDzWRLTw5imwYsl+usrS1TXG2H4jg6ImGw=
github.com/google/flatbuffers v1.12.1/go.mod h1:1AeVuKshWv4vARoZatz6mlQ0JxURH0Kv5+zNeJKJCa8=
github.com/objectbox/objectbox-generator v0.13.0 h1:WyI97psLk3FLw/qGsVIMl49HCSyuFwVekBdIbQDrxXE=
github.com/objectbox/objectbox-generator v0.13.0/go.mod h1:kanX8YAsG9Fi9tufV0iLMAKfV+d4WLAvSj5rtL01WhQ=
